
Microsoft Visual Studio Solution File, Format Version 12.00
# Visual Studio Version 16
VisualStudioVersion = 16.0.31328.270
MinimumVisualStudioVersion = 10.0.40219.1
Project("{9A19103F-16F7-4668-BE54-9A1E7A4F7556}") = "UnitTesting", "UnitTesting\UnitTesting.csproj", "{84741447-811D-461B-942B-5B8D923D50F8}"
EndProject
Project("{FAE04EC0-301F-11D3-BF4B-00C04F79EFBC}") = "UnitTests.Tests", "UnitTests.Tests\UnitTests.Tests.csproj", "{38FB396F-281D-4776-888A-4ED66EEC2FF3}"
EndProject
Global
	GlobalSection(SolutionConfigurationPlatforms) = preSolution
		Debug|Any CPU = Debug|Any CPU
		Release|Any CPU = Release|Any CPU
	EndGlobalSection
	GlobalSection(ProjectConfigurationPlatforms) = postSolution
		{84741447-811D-461B-942B-5B8D923D50F8}.Debug|Any CPU.ActiveCfg = Debug|Any CPU
		{84741447-811D-461B-942B-5B8D923D50F8}.Debug|Any CPU.Build.0 = Debug|Any CPU
		{84741447-811D-461B-942B-5B8D923D50F8}.Release|Any CPU.ActiveCfg = Release|Any CPU
		{84741447-811D-461B-942B-5B8D923D50F8}.Release|Any CPU.Build.0 = Release|Any CPU
		{38FB396F-281D-4776-888A-4ED66EEC2FF3}.Debug|Any CPU.ActiveCfg = Debug|Any CPU
		{38FB396F-281D-4776-888A-4ED66EEC2FF3}.Debug|Any CPU.Build.0 = Debug|Any CPU
		{38FB396F-281D-4776-888A-4ED66EEC2FF3}.Release|Any CPU.ActiveCfg = Release|Any CPU
		{38FB396F-281D-4776-888A-4ED66EEC2FF3}.Release|Any CPU.Build.0 = Release|Any CPU
	EndGlobalSection
	GlobalSection(SolutionProperties) = preSolution
		HideSolutionNode = FALSE
	EndGlobalSection
	GlobalSection(ExtensibilityGlobals) = postSolution
		SolutionGuid = {49A50D20-9AEF-4143-B0E1-2F543A9B6C90}
	EndGlobalSection
EndGlobal
